
Microsoft Visual Studio Solution File, Format Version 12.00
# Visual Studio Version 17
VisualStudioVersion = 17.0.31903.59
MinimumVisualStudioVersion = 10.0.40219.1
Project("{2150E333-8FDC-42A3-9474-1A3956D46DE8}") = "src", "src", "{827E0CD3-B72D-47B6-A68D-7590B98EB39B}"
EndProject
Project("{FAE04EC0-301F-11D3-BF4B-00C04F79EFBC}") = "Takwene.Domain", "src\Takwene.Domain\Takwene.Domain.csproj", "{AC664878-4925-4EF4-9A01-D4F2AC9482FE}"
EndProject
Project("{FAE04EC0-301F-11D3-BF4B-00C04F79EFBC}") = "Takwene.Application", "src\Takwene.Application\Takwene.Application.csproj", "{B8C0C999-FA18-4B7C-9DD9-381A0893B66F}"
EndProject
Project("{FAE04EC0-301F-11D3-BF4B-00C04F79EFBC}") = "Takwene.Infrastructure", "src\Takwene.Infrastructure\Takwene.Infrastructure.csproj", "{6437FFDE-82B8-46B3-910D-115788C7AD23}"
EndProject
Project("{FAE04EC0-301F-11D3-BF4B-00C04F79EFBC}") = "Takwene.Api", "src\Takwene.Api\Takwene.Api.csproj", "{36961143-11AF-4CF1-8B64-BEAB598B944D}"
EndProject
Project("{2150E333-8FDC-42A3-9474-1A3956D46DE8}") = "tests", "tests", "{0AB3BF05-4346-4AA6-1389-037BE0695223}"
EndProject
Project("{FAE04EC0-301F-11D3-BF4B-00C04F79EFBC}") = "Takwene.UnitTests", "tests\Takwene.UnitTests\Takwene.UnitTests.csproj", "{631C8DB9-3831-4D9C-B0CE-3F215CD388AB}"
EndProject
Global
	GlobalSection(SolutionConfigurationPlatforms) = preSolution
		Debug|Any CPU = Debug|Any CPU
		Debug|x64 = Debug|x64
		Debug|x86 = Debug|x86
		Release|Any CPU = Release|Any CPU
		Release|x64 = Release|x64
		Release|x86 = Release|x86
	EndGlobalSection
	GlobalSection(ProjectConfigurationPlatforms) = postSolution
		{AC664878-4925-4EF4-9A01-D4F2AC9482FE}.Debug|Any CPU.ActiveCfg = Debug|Any CPU
		{AC664878-4925-4EF4-9A01-D4F2AC9482FE}.Debug|Any CPU.Build.0 = Debug|Any CPU
		{AC664878-4925-4EF4-9A01-D4F2AC9482FE}.Debug|x64.ActiveCfg = Debug|Any CPU
		{AC664878-4925-4EF4-9A01-D4F2AC9482FE}.Debug|x64.Build.0 = Debug|Any CPU
		{AC664878-4925-4EF4-9A01-D4F2AC9482FE}.Debug|x86.ActiveCfg = Debug|Any CPU
		{AC664878-4925-4EF4-9A01-D4F2AC9482FE}.Debug|x86.Build.0 = Debug|Any CPU
		{AC664878-4925-4EF4-9A01-D4F2AC9482FE}.Release|Any CPU.ActiveCfg = Release|Any CPU
		{AC664878-4925-4EF4-9A01-D4F2AC9482FE}.Release|Any CPU.Build.0 = Release|Any CPU
		{AC664878-4925-4EF4-9A01-D4F2AC9482FE}.Release|x64.ActiveCfg = Release|Any CPU
		{AC664878-4925-4EF4-9A01-D4F2AC9482FE}.Release|x64.Build.0 = Release|Any CPU
		{AC664878-4925-4EF4-9A01-D4F2AC9482FE}.Release|x86.ActiveCfg = Release|Any CPU
		{AC664878-4925-4EF4-9A01-D4F2AC9482FE}.Release|x86.Build.0 = Release|Any CPU
		{B8C0C999-FA18-4B7C-9DD9-381A0893B66F}.Debug|Any CPU.ActiveCfg = Debug|Any CPU
		{B8C0C999-FA18-4B7C-9DD9-381A0893B66F}.Debug|Any CPU.Build.0 = Debug|Any CPU
		{B8C0C999-FA18-4B7C-9DD9-381A0893B66F}.Debug|x64.ActiveCfg = Debug|Any CPU
		{B8C0C999-FA18-4B7C-9DD9-381A0893B66F}.Debug|x64.Build.0 = Debug|Any CPU
		{B8C0C999-FA18-4B7C-9DD9-381A0893B66F}.Debug|x86.ActiveCfg = Debug|Any CPU
		{B8C0C999-FA18-4B7C-9DD9-381A0893B66F}.Debug|x86.Build.0 = Debug|Any CPU
		{B8C0C999-FA18-4B7C-9DD9-381A0893B66F}.Release|Any CPU.ActiveCfg = Release|Any CPU
		{B8C0C999-FA18-4B7C-9DD9-381A0893B66F}.Release|Any CPU.Build.0 = Release|Any CPU
		{B8C0C999-FA18-4B7C-9DD9-381A0893B66F}.Release|x64.ActiveCfg = Release|Any CPU
		{B8C0C999-FA18-4B7C-9DD9-381A0893B66F}.Release|x64.Build.0 = Release|Any CPU
		{B8C0C999-FA18-4B7C-9DD9-381A0893B66F}.Release|x86.ActiveCfg = Release|Any CPU
		{B8C0C999-FA18-4B7C-9DD9-381A0893B66F}.Release|x86.Build.0 = Release|Any CPU
		{6437FFDE-82B8-46B3-910D-115788C7AD23}.Debug|Any CPU.ActiveCfg = Debug|Any CPU
		{6437FFDE-82B8-46B3-910D-115788C7AD23}.Debug|Any CPU.Build.0 = Debug|Any CPU
		{6437FFDE-82B8-46B3-910D-115788C7AD23}.Debug|x64.ActiveCfg = Debug|Any CPU
		{6437FFDE-82B8-46B3-910D-115788C7AD23}.Debug|x64.Build.0 = Debug|Any CPU
		{6437FFDE-82B8-46B3-910D-115788C7AD23}.Debug|x86.ActiveCfg = Debug|Any CPU
		{6437FFDE-82B8-46B3-910D-115788C7AD23}.Debug|x86.Build.0 = Debug|Any CPU
		{6437FFDE-82B8-46B3-910D-115788C7AD23}.Release|Any CPU.ActiveCfg = Release|Any CPU
		{6437FFDE-82B8-46B3-910D-115788C7AD23}.Release|Any CPU.Build.0 = Release|Any CPU
		{6437FFDE-82B8-46B3-910D-115788C7AD23}.Release|x64.ActiveCfg = Release|Any CPU
		{6437FFDE-82B8-46B3-910D-115788C7AD23}.Release|x64.Build.0 = Release|Any CPU
		{6437FFDE-82B8-46B3-910D-115788C7AD23}.Release|x86.ActiveCfg = Release|Any CPU
		{6437FFDE-82B8-46B3-910D-115788C7AD23}.Release|x86.Build.0 = Release|Any CPU
		{36961143-11AF-4CF1-8B64-BEAB598B944D}.Debug|Any CPU.ActiveCfg = Debug|Any CPU
		{36961143-11AF-4CF1-8B64-BEAB598B944D}.Debug|Any CPU.Build.0 = Debug|Any CPU
		{36961143-11AF-4CF1-8B64-BEAB598B944D}.Debug|x64.ActiveCfg = Debug|Any CPU
		{36961143-11AF-4CF1-8B64-BEAB598B944D}.Debug|x64.Build.0 = Debug|Any CPU
		{36961143-11AF-4CF1-8B64-BEAB598B944D}.Debug|x86.ActiveCfg = Debug|Any CPU
		{36961143-11AF-4CF1-8B64-BEAB598B944D}.Debug|x86.Build.0 = Debug|Any CPU
		{36961143-11AF-4CF1-8B64-BEAB598B944D}.Release|Any CPU.ActiveCfg = Release|Any CPU
		{36961143-11AF-4CF1-8B64-BEAB598B944D}.Release|Any CPU.Build.0 = Release|Any CPU
		{36961143-11AF-4CF1-8B64-BEAB598B944D}.Release|x64.ActiveCfg = Release|Any CPU
		{36961143-11AF-4CF1-8B64-BEAB598B944D}.Release|x64.Build.0 = Release|Any CPU
		{36961143-11AF-4CF1-8B64-BEAB598B944D}.Release|x86.ActiveCfg = Release|Any CPU
		{36961143-11AF-4CF1-8B64-BEAB598B944D}.Release|x86.Build.0 = Release|Any CPU
		{631C8DB9-3831-4D9C-B0CE-3F215CD388AB}.Debug|Any CPU.ActiveCfg = Debug|Any CPU
		{631C8DB9-3831-4D9C-B0CE-3F215CD388AB}.Debug|Any CPU.Build.0 = Debug|Any CPU
		{631C8DB9-3831-4D9C-B0CE-3F215CD388AB}.Debug|x64.ActiveCfg = Debug|Any CPU
		{631C8DB9-3831-4D9C-B0CE-3F215CD388AB}.Debug|x64.Build.0 = Debug|Any CPU
		{631C8DB9-3831-4D9C-B0CE-3F215CD388AB}.Debug|x86.ActiveCfg = Debug|Any CPU
		{631C8DB9-3831-4D9C-B0CE-3F215CD388AB}.Debug|x86.Build.0 = Debug|Any CPU
		{631C8DB9-3831-4D9C-B0CE-3F215CD388AB}.Release|Any CPU.ActiveCfg = Release|Any CPU
		{631C8DB9-3831-4D9C-B0CE-3F215CD388AB}.Release|Any CPU.Build.0 = Release|Any CPU
		{631C8DB9-3831-4D9C-B0CE-3F215CD388AB}.Release|x64.ActiveCfg = Release|Any CPU
		{631C8DB9-3831-4D9C-B0CE-3F215CD388AB}.Release|x64.Build.0 = Release|Any CPU
		{631C8DB9-3831-4D9C-B0CE-3F215CD388AB}.Release|x86.ActiveCfg = Release|Any CPU
		{631C8DB9-3831-4D9C-B0CE-3F215CD388AB}.Release|x86.Build.0 = Release|Any CPU
	EndGlobalSection
	GlobalSection(SolutionProperties) = preSolution
		HideSolutionNode = FALSE
	EndGlobalSection
	GlobalSection(NestedProjects) = preSolution
		{AC664878-4925-4EF4-9A01-D4F2AC9482FE} = {827E0CD3-B72D-47B6-A68D-7590B98EB39B}
		{B8C0C999-FA18-4B7C-9DD9-381A0893B66F} = {827E0CD3-B72D-47B6-A68D-7590B98EB39B}
		{6437FFDE-82B8-46B3-910D-115788C7AD23} = {827E0CD3-B72D-47B6-A68D-7590B98EB39B}
		{36961143-11AF-4CF1-8B64-BEAB598B944D} = {827E0CD3-B72D-47B6-A68D-7590B98EB39B}
		{631C8DB9-3831-4D9C-B0CE-3F215CD388AB} = {0AB3BF05-4346-4AA6-1389-037BE0695223}
	EndGlobalSection
EndGlobal
